// !$*UTF8*$!
{
	archiveVersion = 1;
	classes = {
	};
	objectVersion = 50;
	objects = {

/* Begin PBXBuildFile section */
		943B9770222DD49400001534 /* GoogleService-Info.plist in Resources */ = {isa = PBXBuildFile; fileRef = 943B976F222DD49400001534 /* GoogleService-Info.plist */; };
		949F9E6D222F3E23004F4953 /* ProfileViewController.swift in Sources */ = {isa = PBXBuildFile; fileRef = 949F9E6C222F3E23004F4953 /* ProfileViewController.swift */; };
		94A5A509222DCDC50000821B /* AppDelegate.swift in Sources */ = {isa = PBXBuildFile; fileRef = 94A5A508222DCDC50000821B /* AppDelegate.swift */; };
		94A5A50E222DCDC50000821B /* Main.storyboard in Resources */ = {isa = PBXBuildFile; fileRef = 94A5A50C222DCDC50000821B /* Main.storyboard */; };
		94A5A510222DCDC70000821B /* Assets.xcassets in Resources */ = {isa = PBXBuildFile; fileRef = 94A5A50F222DCDC70000821B /* Assets.xcassets */; };
		94A5A513222DCDC70000821B /* LaunchScreen.storyboard in Resources */ = {isa = PBXBuildFile; fileRef = 94A5A511222DCDC70000821B /* LaunchScreen.storyboard */; };
		A8C2BF88471461872BCAAE9F /* Pods_Twideo.framework in Frameworks */ = {isa = PBXBuildFile; fileRef = 7E728272B546CAAD669353AC /* Pods_Twideo.framework */; };
		B30AC40222457CE9003970F6 /* VideoCell.swift in Sources */ = {isa = PBXBuildFile; fileRef = B30AC40122457CE9003970F6 /* VideoCell.swift */; };
		B318412E2255363200908EFE /* EditAlbumViewController.swift in Sources */ = {isa = PBXBuildFile; fileRef = B318412D2255363200908EFE /* EditAlbumViewController.swift */; };
		B31A4DA5222E18EC00EAEF77 /* FacebookLoginVC.swift in Sources */ = {isa = PBXBuildFile; fileRef = B31A4DA4222E18EC00EAEF77 /* FacebookLoginVC.swift */; };
		B33F621F222F383A00CA0B95 /* VideoViewController.swift in Sources */ = {isa = PBXBuildFile; fileRef = B33F621E222F383A00CA0B95 /* VideoViewController.swift */; };
		B34193E42242C04B0027E7CA /* AddViews.storyboard in Resources */ = {isa = PBXBuildFile; fileRef = B34193E32242C04B0027E7CA /* AddViews.storyboard */; };
		B34193E62242C2850027E7CA /* AddAlbumViewController.swift in Sources */ = {isa = PBXBuildFile; fileRef = B34193E52242C2850027E7CA /* AddAlbumViewController.swift */; };
		B34193E8224361E30027E7CA /* AlbumTableViewCell.swift in Sources */ = {isa = PBXBuildFile; fileRef = B34193E7224361E30027E7CA /* AlbumTableViewCell.swift */; };
		B34193EE22443A2F0027E7CA /* AddVideoViewController.swift in Sources */ = {isa = PBXBuildFile; fileRef = B34193ED22443A2F0027E7CA /* AddVideoViewController.swift */; };
		B35E2FDD22543120001D791E /* CoreLocation.framework in Frameworks */ = {isa = PBXBuildFile; fileRef = B35E2FDC22543120001D791E /* CoreLocation.framework */; };
		B35E2FDF225437B6001D791E /* MapKit.framework in Frameworks */ = {isa = PBXBuildFile; fileRef = B35E2FDE225437B6001D791E /* MapKit.framework */; };
		B38584A22240B41400BA1A75 /* AlbumsViewController.swift in Sources */ = {isa = PBXBuildFile; fileRef = B38584A12240B41400BA1A75 /* AlbumsViewController.swift */; };
		B38584A42240B45E00BA1A75 /* IndividualAlbumViewController.swift in Sources */ = {isa = PBXBuildFile; fileRef = B38584A32240B45E00BA1A75 /* IndividualAlbumViewController.swift */; };
		B38584A62241712800BA1A75 /* ProfileSlideOutViewController.swift in Sources */ = {isa = PBXBuildFile; fileRef = B38584A52241712800BA1A75 /* ProfileSlideOutViewController.swift */; };
		E2F40A00222F425400515593 /* CreateAccount.swift in Sources */ = {isa = PBXBuildFile; fileRef = E2F409FF222F425400515593 /* CreateAccount.swift */; };
		E2F40A02222FBF8000515593 /* MapViewController.swift in Sources */ = {isa = PBXBuildFile; fileRef = E2F40A01222FBF8000515593 /* MapViewController.swift */; };
/* End PBXBuildFile section */

/* Begin PBXFileReference section */
		310ABF84A48CC23C2E2BCE3F /* Pods-Twideo.release.xcconfig */ = {isa = PBXFileReference; includeInIndex = 1; lastKnownFileType = text.xcconfig; name = "Pods-Twideo.release.xcconfig"; path = "Pods/Target Support Files/Pods-Twideo/Pods-Twideo.release.xcconfig"; sourceTree = "<group>"; };
		7539FE54BCE40830082A329A /* Pods-Twideo.debug.xcconfig */ = {isa = PBXFileReference; includeInIndex = 1; lastKnownFileType = text.xcconfig; name = "Pods-Twideo.debug.xcconfig"; path = "Pods/Target Support Files/Pods-Twideo/Pods-Twideo.debug.xcconfig"; sourceTree = "<group>"; };
		7E728272B546CAAD669353AC /* Pods_Twideo.framework */ = {isa = PBXFileReference; explicitFileType = wrapper.framework; includeInIndex = 0; path = Pods_Twideo.framework; sourceTree = BUILT_PRODUCTS_DIR; };
		943B976F222DD49400001534 /* GoogleService-Info.plist */ = {isa = PBXFileReference; fileEncoding = 4; lastKnownFileType = text.plist.xml; path = "GoogleService-Info.plist"; sourceTree = "<group>"; };
		949F9E6C222F3E23004F4953 /* ProfileViewController.swift */ = {isa = PBXFileReference; lastKnownFileType = sourcecode.swift; path = ProfileViewController.swift; sourceTree = "<group>"; };
		94A5A505222DCDC50000821B /* Twideo.app */ = {isa = PBXFileReference; explicitFileType = wrapper.application; includeInIndex = 0; path = Twideo.app; sourceTree = BUILT_PRODUCTS_DIR; };
		94A5A508222DCDC50000821B /* AppDelegate.swift */ = {isa = PBXFileReference; lastKnownFileType = sourcecode.swift; path = AppDelegate.swift; sourceTree = "<group>"; };
		94A5A50D222DCDC50000821B /* Base */ = {isa = PBXFileReference; lastKnownFileType = file.storyboard; name = Base; path = Base.lproj/Main.storyboard; sourceTree = "<group>"; };
		94A5A50F222DCDC70000821B /* Assets.xcassets */ = {isa = PBXFileReference; lastKnownFileType = folder.assetcatalog; path = Assets.xcassets; sourceTree = "<group>"; };
		94A5A512222DCDC70000821B /* Base */ = {isa = PBXFileReference; lastKnownFileType = file.storyboard; name = Base; path = Base.lproj/LaunchScreen.storyboard; sourceTree = "<group>"; };
		94A5A514222DCDC70000821B /* Info.plist */ = {isa = PBXFileReference; lastKnownFileType = text.plist.xml; path = Info.plist; sourceTree = "<group>"; };
		B30AC40122457CE9003970F6 /* VideoCell.swift */ = {isa = PBXFileReference; lastKnownFileType = sourcecode.swift; path = VideoCell.swift; sourceTree = "<group>"; };
		B318412D2255363200908EFE /* EditAlbumViewController.swift */ = {isa = PBXFileReference; lastKnownFileType = sourcecode.swift; path = EditAlbumViewController.swift; sourceTree = "<group>"; };
		B31A4DA4222E18EC00EAEF77 /* FacebookLoginVC.swift */ = {isa = PBXFileReference; lastKnownFileType = sourcecode.swift; path = FacebookLoginVC.swift; sourceTree = "<group>"; };
		B33F621E222F383A00CA0B95 /* VideoViewController.swift */ = {isa = PBXFileReference; lastKnownFileType = sourcecode.swift; path = VideoViewController.swift; sourceTree = "<group>"; };
		B34193E32242C04B0027E7CA /* AddViews.storyboard */ = {isa = PBXFileReference; lastKnownFileType = file.storyboard; path = AddViews.storyboard; sourceTree = "<group>"; };
		B34193E52242C2850027E7CA /* AddAlbumViewController.swift */ = {isa = PBXFileReference; lastKnownFileType = sourcecode.swift; path = AddAlbumViewController.swift; sourceTree = "<group>"; };
		B34193E7224361E30027E7CA /* AlbumTableViewCell.swift */ = {isa = PBXFileReference; lastKnownFileType = sourcecode.swift; path = AlbumTableViewCell.swift; sourceTree = "<group>"; };
		B34193ED22443A2F0027E7CA /* AddVideoViewController.swift */ = {isa = PBXFileReference; lastKnownFileType = sourcecode.swift; path = AddVideoViewController.swift; sourceTree = "<group>"; };
		B35E2FDC22543120001D791E /* CoreLocation.framework */ = {isa = PBXFileReference; lastKnownFileType = wrapper.framework; name = CoreLocation.framework; path = System/Library/Frameworks/CoreLocation.framework; sourceTree = SDKROOT; };
		B35E2FDE225437B6001D791E /* MapKit.framework */ = {isa = PBXFileReference; lastKnownFileType = wrapper.framework; name = MapKit.framework; path = System/Library/Frameworks/MapKit.framework; sourceTree = SDKROOT; };
		B38584A12240B41400BA1A75 /* AlbumsViewController.swift */ = {isa = PBXFileReference; lastKnownFileType = sourcecode.swift; path = AlbumsViewController.swift; sourceTree = "<group>"; };
		B38584A32240B45E00BA1A75 /* IndividualAlbumViewController.swift */ = {isa = PBXFileReference; lastKnownFileType = sourcecode.swift; path = IndividualAlbumViewController.swift; sourceTree = "<group>"; };
		B38584A52241712800BA1A75 /* ProfileSlideOutViewController.swift */ = {isa = PBXFileReference; lastKnownFileType = sourcecode.swift; path = ProfileSlideOutViewController.swift; sourceTree = "<group>"; };
		E2F409FF222F425400515593 /* CreateAccount.swift */ = {isa = PBXFileReference; lastKnownFileType = sourcecode.swift; path = CreateAccount.swift; sourceTree = "<group>"; };
		E2F40A01222FBF8000515593 /* MapViewController.swift */ = {isa = PBXFileReference; lastKnownFileType = sourcecode.swift; path = MapViewController.swift; sourceTree = "<group>"; };
/* End PBXFileReference section */

/* Begin PBXFrameworksBuildPhase section */
		94A5A502222DCDC50000821B /* Frameworks */ = {
			isa = PBXFrameworksBuildPhase;
			buildActionMask = 2147483647;
			files = (
				B35E2FDF225437B6001D791E /* MapKit.framework in Frameworks */,
				B35E2FDD22543120001D791E /* CoreLocation.framework in Frameworks */,
				A8C2BF88471461872BCAAE9F /* Pods_Twideo.framework in Frameworks */,
			);
			runOnlyForDeploymentPostprocessing = 0;
		};
/* End PBXFrameworksBuildPhase section */

/* Begin PBXGroup section */
		073FD69A1938627711090048 /* Frameworks */ = {
			isa = PBXGroup;
			children = (
				B35E2FDE225437B6001D791E /* MapKit.framework */,
				B35E2FDC22543120001D791E /* CoreLocation.framework */,
				7E728272B546CAAD669353AC /* Pods_Twideo.framework */,
			);
			name = Frameworks;
			sourceTree = "<group>";
		};
		94A5A4FC222DCDC50000821B = {
			isa = PBXGroup;
			children = (
				94A5A507222DCDC50000821B /* Twideo */,
				94A5A506222DCDC50000821B /* Products */,
				FBD5F1079FDF6A0F7204F700 /* Pods */,
				073FD69A1938627711090048 /* Frameworks */,
			);
			sourceTree = "<group>";
		};
		94A5A506222DCDC50000821B /* Products */ = {
			isa = PBXGroup;
			children = (
				94A5A505222DCDC50000821B /* Twideo.app */,
			);
			name = Products;
			sourceTree = "<group>";
		};
		94A5A507222DCDC50000821B /* Twideo */ = {
			isa = PBXGroup;
			children = (
				94A5A508222DCDC50000821B /* AppDelegate.swift */,
				B38584A02240B36700BA1A75 /* Authentication */,
				B324144522471E490037FFA9 /* Cells */,
				B318412B2255360600908EFE /* Add Views */,
				B318412C2255361900908EFE /* Edit Views */,
				B33F621E222F383A00CA0B95 /* VideoViewController.swift */,
				949F9E6C222F3E23004F4953 /* ProfileViewController.swift */,
				E2F40A01222FBF8000515593 /* MapViewController.swift */,
				B38584A32240B45E00BA1A75 /* IndividualAlbumViewController.swift */,
				B38584A12240B41400BA1A75 /* AlbumsViewController.swift */,
				B38584A52241712800BA1A75 /* ProfileSlideOutViewController.swift */,
				94A5A50C222DCDC50000821B /* Main.storyboard */,
				B34193E32242C04B0027E7CA /* AddViews.storyboard */,
				94A5A511222DCDC70000821B /* LaunchScreen.storyboard */,
				94A5A50F222DCDC70000821B /* Assets.xcassets */,
				94A5A514222DCDC70000821B /* Info.plist */,
				943B976F222DD49400001534 /* GoogleService-Info.plist */,
			);
			path = Twideo;
			sourceTree = "<group>";
		};
		B318412B2255360600908EFE /* Add Views */ = {
			isa = PBXGroup;
			children = (
				B34193ED22443A2F0027E7CA /* AddVideoViewController.swift */,
				B34193E52242C2850027E7CA /* AddAlbumViewController.swift */,
			);
			path = "Add Views";
			sourceTree = "<group>";
		};
		B318412C2255361900908EFE /* Edit Views */ = {
			isa = PBXGroup;
			children = (
				B318412D2255363200908EFE /* EditAlbumViewController.swift */,
			);
			path = "Edit Views";
			sourceTree = "<group>";
		};
		B324144522471E490037FFA9 /* Cells */ = {
			isa = PBXGroup;
			children = (
				B30AC40122457CE9003970F6 /* VideoCell.swift */,
				B34193E7224361E30027E7CA /* AlbumTableViewCell.swift */,
			);
			path = Cells;
			sourceTree = "<group>";
		};
		B38584A02240B36700BA1A75 /* Authentication */ = {
			isa = PBXGroup;
			children = (
				B31A4DA4222E18EC00EAEF77 /* FacebookLoginVC.swift */,
				E2F409FF222F425400515593 /* CreateAccount.swift */,
			);
			path = Authentication;
			sourceTree = "<group>";
		};
		FBD5F1079FDF6A0F7204F700 /* Pods */ = {
			isa = PBXGroup;
			children = (
				7539FE54BCE40830082A329A /* Pods-Twideo.debug.xcconfig */,
				310ABF84A48CC23C2E2BCE3F /* Pods-Twideo.release.xcconfig */,
			);
			name = Pods;
			sourceTree = "<group>";
		};
/* End PBXGroup section */

/* Begin PBXNativeTarget section */
		94A5A504222DCDC50000821B /* Twideo */ = {
			isa = PBXNativeTarget;
			buildConfigurationList = 94A5A517222DCDC70000821B /* Build configuration list for PBXNativeTarget "Twideo" */;
			buildPhases = (
				7D5909B6122B03DC04F3AEB4 /* [CP] Check Pods Manifest.lock */,
				94A5A501222DCDC50000821B /* Sources */,
				94A5A502222DCDC50000821B /* Frameworks */,
				94A5A503222DCDC50000821B /* Resources */,
				A1D58A6BCFCBE8ADC2A12F9C /* [CP] Embed Pods Frameworks */,
			);
			buildRules = (
			);
			dependencies = (
			);
			name = Twideo;
			productName = Twideo;
			productReference = 94A5A505222DCDC50000821B /* Twideo.app */;
			productType = "com.apple.product-type.application";
		};
/* End PBXNativeTarget section */

/* Begin PBXProject section */
		94A5A4FD222DCDC50000821B /* Project object */ = {
			isa = PBXProject;
			attributes = {
				LastSwiftUpdateCheck = 1010;
				LastUpgradeCheck = 1010;
				ORGANIZATIONNAME = "Gideon Ubaldo";
				TargetAttributes = {
					94A5A504222DCDC50000821B = {
						CreatedOnToolsVersion = 10.1;
					};
				};
			};
			buildConfigurationList = 94A5A500222DCDC50000821B /* Build configuration list for PBXProject "Twideo" */;
			compatibilityVersion = "Xcode 9.3";
			developmentRegion = en;
			hasScannedForEncodings = 0;
			knownRegions = (
				en,
				Base,
			);
			mainGroup = 94A5A4FC222DCDC50000821B;
			productRefGroup = 94A5A506222DCDC50000821B /* Products */;
			projectDirPath = "";
			projectRoot = "";
			targets = (
				94A5A504222DCDC50000821B /* Twideo */,
			);
		};
/* End PBXProject section */

/* Begin PBXResourcesBuildPhase section */
		94A5A503222DCDC50000821B /* Resources */ = {
			isa = PBXResourcesBuildPhase;
			buildActionMask = 2147483647;
			files = (
				94A5A513222DCDC70000821B /* LaunchScreen.storyboard in Resources */,
				B34193E42242C04B0027E7CA /* AddViews.storyboard in Resources */,
				943B9770222DD49400001534 /* GoogleService-Info.plist in Resources */,
				94A5A510222DCDC70000821B /* Assets.xcassets in Resources */,
				94A5A50E222DCDC50000821B /* Main.storyboard in Resources */,
			);
			runOnlyForDeploymentPostprocessing = 0;
		};
/* End PBXResourcesBuildPhase section */

/* Begin PBXShellScriptBuildPhase section */
		7D5909B6122B03DC04F3AEB4 /* [CP] Check Pods Manifest.lock */ = {
			isa = PBXShellScriptBuildPhase;
			buildActionMask = 2147483647;
			files = (
			);
			inputFileListPaths = (
			);
			inputPaths = (
				"${PODS_PODFILE_DIR_PATH}/Podfile.lock",
				"${PODS_ROOT}/Manifest.lock",
			);
			name = "[CP] Check Pods Manifest.lock";
			outputFileListPaths = (
			);
			outputPaths = (
				"$(DERIVED_FILE_DIR)/Pods-Twideo-checkManifestLockResult.txt",
			);
			runOnlyForDeploymentPostprocessing = 0;
			shellPath = /bin/sh;
			shellScript = "diff \"${PODS_PODFILE_DIR_PATH}/Podfile.lock\" \"${PODS_ROOT}/Manifest.lock\" > /dev/null\nif [ $? != 0 ] ; then\n    # print error to STDERR\n    echo \"error: The sandbox is not in sync with the Podfile.lock. Run 'pod install' or update your CocoaPods installation.\" >&2\n    exit 1\nfi\n# This output is used by Xcode 'outputs' to avoid re-running this script phase.\necho \"SUCCESS\" > \"${SCRIPT_OUTPUT_FILE_0}\"\n";
			showEnvVarsInLog = 0;
		};
		A1D58A6BCFCBE8ADC2A12F9C /* [CP] Embed Pods Frameworks */ = {
			isa = PBXShellScriptBuildPhase;
			buildActionMask = 2147483647;
			files = (
			);
			inputFileListPaths = (
			);
			inputPaths = (
				"${SRCROOT}/Pods/Target Support Files/Pods-Twideo/Pods-Twideo-frameworks.sh",
				"${BUILT_PRODUCTS_DIR}/Bolts/Bolts.framework",
				"${BUILT_PRODUCTS_DIR}/FBSDKCoreKit/FBSDKCoreKit.framework",
				"${BUILT_PRODUCTS_DIR}/FBSDKLoginKit/FBSDKLoginKit.framework",
				"${BUILT_PRODUCTS_DIR}/FacebookCore/FacebookCore.framework",
				"${BUILT_PRODUCTS_DIR}/FacebookLogin/FacebookLogin.framework",
				"${BUILT_PRODUCTS_DIR}/GTMSessionFetcher/GTMSessionFetcher.framework",
				"${BUILT_PRODUCTS_DIR}/GoogleUtilities/GoogleUtilities.framework",
				"${BUILT_PRODUCTS_DIR}/ProgressHUD/ProgressHUD.framework",
				"${BUILT_PRODUCTS_DIR}/SideMenu/SideMenu.framework",
				"${BUILT_PRODUCTS_DIR}/SwipeCellKit/SwipeCellKit.framework",
				"${BUILT_PRODUCTS_DIR}/leveldb-library/leveldb.framework",
				"${BUILT_PRODUCTS_DIR}/nanopb/nanopb.framework",
			);
			name = "[CP] Embed Pods Frameworks";
			outputFileListPaths = (
			);
			outputPaths = (
				"${TARGET_BUILD_DIR}/${FRAMEWORKS_FOLDER_PATH}/Bolts.framework",
				"${TARGET_BUILD_DIR}/${FRAMEWORKS_FOLDER_PATH}/FBSDKCoreKit.framework",
				"${TARGET_BUILD_DIR}/${FRAMEWORKS_FOLDER_PATH}/FBSDKLoginKit.framework",
				"${TARGET_BUILD_DIR}/${FRAMEWORKS_FOLDER_PATH}/FacebookCore.framework",
				"${TARGET_BUILD_DIR}/${FRAMEWORKS_FOLDER_PATH}/FacebookLogin.framework",
				"${TARGET_BUILD_DIR}/${FRAMEWORKS_FOLDER_PATH}/GTMSessionFetcher.framework",
				"${TARGET_BUILD_DIR}/${FRAMEWORKS_FOLDER_PATH}/GoogleUtilities.framework",
				"${TARGET_BUILD_DIR}/${FRAMEWORKS_FOLDER_PATH}/ProgressHUD.framework",
				"${TARGET_BUILD_DIR}/${FRAMEWORKS_FOLDER_PATH}/SideMenu.framework",
				"${TARGET_BUILD_DIR}/${FRAMEWORKS_FOLDER_PATH}/SwipeCellKit.framework",
				"${TARGET_BUILD_DIR}/${FRAMEWORKS_FOLDER_PATH}/leveldb.framework",
				"${TARGET_BUILD_DIR}/${FRAMEWORKS_FOLDER_PATH}/nanopb.framework",
			);
			runOnlyForDeploymentPostprocessing = 0;
			shellPath = /bin/sh;
			shellScript = "\"${SRCROOT}/Pods/Target Support Files/Pods-Twideo/Pods-Twideo-frameworks.sh\"\n";
			showEnvVarsInLog = 0;
		};
/* End PBXShellScriptBuildPhase section */

/* Begin PBXSourcesBuildPhase section */
		94A5A501222DCDC50000821B /* Sources */ = {
			isa = PBXSourcesBuildPhase;
			buildActionMask = 2147483647;
			files = (
				B38584A22240B41400BA1A75 /* AlbumsViewController.swift in Sources */,
				B31A4DA5222E18EC00EAEF77 /* FacebookLoginVC.swift in Sources */,
				B318412E2255363200908EFE /* EditAlbumViewController.swift in Sources */,
				E2F40A00222F425400515593 /* CreateAccount.swift in Sources */,
				B34193E8224361E30027E7CA /* AlbumTableViewCell.swift in Sources */,
				E2F40A02222FBF8000515593 /* MapViewController.swift in Sources */,
				B38584A62241712800BA1A75 /* ProfileSlideOutViewController.swift in Sources */,
				B34193EE22443A2F0027E7CA /* AddVideoViewController.swift in Sources */,
				B30AC40222457CE9003970F6 /* VideoCell.swift in Sources */,
				949F9E6D222F3E23004F4953 /* ProfileViewController.swift in Sources */,
				B34193E62242C2850027E7CA /* AddAlbumViewController.swift in Sources */,
				94A5A509222DCDC50000821B /* AppDelegate.swift in Sources */,
				B33F621F222F383A00CA0B95 /* VideoViewController.swift in Sources */,
				B38584A42240B45E00BA1A75 /* IndividualAlbumViewController.swift in Sources */,
			);
			runOnlyForDeploymentPostprocessing = 0;
		};
/* End PBXSourcesBuildPhase section */

/* Begin PBXVariantGroup section */
		94A5A50C222DCDC50000821B /* Main.storyboard */ = {
			isa = PBXVariantGroup;
			children = (
				94A5A50D222DCDC50000821B /* Base */,
			);
			name = Main.storyboard;
			sourceTree = "<group>";
		};
		94A5A511222DCDC70000821B /* LaunchScreen.storyboard */ = {
			isa = PBXVariantGroup;
			children = (
				94A5A512222DCDC70000821B /* Base */,
			);
			name = LaunchScreen.storyboard;
			sourceTree = "<group>";
		};
/* End PBXVariantGroup section */

/* Begin XCBuildConfiguration section */
		94A5A515222DCDC70000821B /* Debug */ = {
			isa = XCBuildConfiguration;
			buildSettings = {
				ALWAYS_SEARCH_USER_PATHS = NO;
				CLANG_ANALYZER_NONNULL = YES;
				CLANG_ANALYZER_NUMBER_OBJECT_CONVERSION = YES_AGGRESSIVE;
				CLANG_CXX_LANGUAGE_STANDARD = "gnu++14";
				CLANG_CXX_LIBRARY = "libc++";
				CLANG_ENABLE_MODULES = YES;
				CLANG_ENABLE_OBJC_ARC = YES;
				CLANG_ENABLE_OBJC_WEAK = YES;
				CLANG_WARN_BLOCK_CAPTURE_AUTORELEASING = YES;
				CLANG_WARN_BOOL_CONVERSION = YES;
				CLANG_WARN_COMMA = YES;
				CLANG_WARN_CONSTANT_CONVERSION = YES;
				CLANG_WARN_DEPRECATED_OBJC_IMPLEMENTATIONS = YES;
				CLANG_WARN_DIRECT_OBJC_ISA_USAGE = YES_ERROR;
				CLANG_WARN_DOCUMENTATION_COMMENTS = YES;
				CLANG_WARN_EMPTY_BODY = YES;
				CLANG_WARN_ENUM_CONVERSION = YES;
				CLANG_WARN_INFINITE_RECURSION = YES;
				CLANG_WARN_INT_CONVERSION = YES;
				CLANG_WARN_NON_LITERAL_NULL_CONVERSION = YES;
				CLANG_WARN_OBJC_IMPLICIT_RETAIN_SELF = YES;
				CLANG_WARN_OBJC_LITERAL_CONVERSION = YES;
				CLANG_WARN_OBJC_ROOT_CLASS = YES_ERROR;
				CLANG_WARN_RANGE_LOOP_ANALYSIS = YES;
				CLANG_WARN_STRICT_PROTOTYPES = YES;
				CLANG_WARN_SUSPICIOUS_MOVE = YES;
				CLANG_WARN_UNGUARDED_AVAILABILITY = YES_AGGRESSIVE;
				CLANG_WARN_UNREACHABLE_CODE = YES;
				CLANG_WARN__DUPLICATE_METHOD_MATCH = YES;
				CODE_SIGN_IDENTITY = "iPhone Developer";
				COPY_PHASE_STRIP = NO;
				DEBUG_INFORMATION_FORMAT = dwarf;
				ENABLE_STRICT_OBJC_MSGSEND = YES;
				ENABLE_TESTABILITY = YES;
				GCC_C_LANGUAGE_STANDARD = gnu11;
				GCC_DYNAMIC_NO_PIC = NO;
				GCC_NO_COMMON_BLOCKS = YES;
				GCC_OPTIMIZATION_LEVEL = 0;
				GCC_PREPROCESSOR_DEFINITIONS = (
					"DEBUG=1",
					"$(inherited)",
				);
				GCC_WARN_64_TO_32_BIT_CONVERSION = YES;
				GCC_WARN_ABOUT_RETURN_TYPE = YES_ERROR;
				GCC_WARN_UNDECLARED_SELECTOR = YES;
				GCC_WARN_UNINITIALIZED_AUTOS = YES_AGGRESSIVE;
				GCC_WARN_UNUSED_FUNCTION = YES;
				GCC_WARN_UNUSED_VARIABLE = YES;
				IPHONEOS_DEPLOYMENT_TARGET = 12.1;
				MTL_ENABLE_DEBUG_INFO = INCLUDE_SOURCE;
				MTL_FAST_MATH = YES;
				ONLY_ACTIVE_ARCH = YES;
				SDKROOT = iphoneos;
				SWIFT_ACTIVE_COMPILATION_CONDITIONS = DEBUG;
				SWIFT_OPTIMIZATION_LEVEL = "-Onone";
			};
			name = Debug;
		};
		94A5A516222DCDC70000821B /* Release */ = {
			isa = XCBuildConfiguration;
			buildSettings = {
				ALWAYS_SEARCH_USER_PATHS = NO;
				CLANG_ANALYZER_NONNULL = YES;
				CLANG_ANALYZER_NUMBER_OBJECT_CONVERSION = YES_AGGRESSIVE;
				CLANG_CXX_LANGUAGE_STANDARD = "gnu++14";
				CLANG_CXX_LIBRARY = "libc++";
				CLANG_ENABLE_MODULES = YES;
				CLANG_ENABLE_OBJC_ARC = YES;
				CLANG_ENABLE_OBJC_WEAK = YES;
				CLANG_WARN_BLOCK_CAPTURE_AUTORELEASING = YES;
				CLANG_WARN_BOOL_CONVERSION = YES;
				CLANG_WARN_COMMA = YES;
				CLANG_WARN_CONSTANT_CONVERSION = YES;
				CLANG_WARN_DEPRECATED_OBJC_IMPLEMENTATIONS = YES;
				CLANG_WARN_DIRECT_OBJC_ISA_USAGE = YES_ERROR;
				CLANG_WARN_DOCUMENTATION_COMMENTS = YES;
				CLANG_WARN_EMPTY_BODY = YES;
				CLANG_WARN_ENUM_CONVERSION = YES;
				CLANG_WARN_INFINITE_RECURSION = YES;
				CLANG_WARN_INT_CONVERSION = YES;
				CLANG_WARN_NON_LITERAL_NULL_CONVERSION = YES;
				CLANG_WARN_OBJC_IMPLICIT_RETAIN_SELF = YES;
				CLANG_WARN_OBJC_LITERAL_CONVERSION = YES;
				CLANG_WARN_OBJC_ROOT_CLASS = YES_ERROR;
				CLANG_WARN_RANGE_LOOP_ANALYSIS = YES;
				CLANG_WARN_STRICT_PROTOTYPES = YES;
				CLANG_WARN_SUSPICIOUS_MOVE = YES;
				CLANG_WARN_UNGUARDED_AVAILABILITY = YES_AGGRESSIVE;
				CLANG_WARN_UNREACHABLE_CODE = YES;
				CLANG_WARN__DUPLICATE_METHOD_MATCH = YES;
				CODE_SIGN_IDENTITY = "iPhone Developer";
				COPY_PHASE_STRIP = NO;
				DEBUG_INFORMATION_FORMAT = "dwarf-with-dsym";
				ENABLE_NS_ASSERTIONS = NO;
				ENABLE_STRICT_OBJC_MSGSEND = YES;
				GCC_C_LANGUAGE_STANDARD = gnu11;
				GCC_NO_COMMON_BLOCKS = YES;
				GCC_WARN_64_TO_32_BIT_CONVERSION = YES;
				GCC_WARN_ABOUT_RETURN_TYPE = YES_ERROR;
				GCC_WARN_UNDECLARED_SELECTOR = YES;
				GCC_WARN_UNINITIALIZED_AUTOS = YES_AGGRESSIVE;
				GCC_WARN_UNUSED_FUNCTION = YES;
				GCC_WARN_UNUSED_VARIABLE = YES;
				IPHONEOS_DEPLOYMENT_TARGET = 12.1;
				MTL_ENABLE_DEBUG_INFO = NO;
				MTL_FAST_MATH = YES;
				SDKROOT = iphoneos;
				SWIFT_COMPILATION_MODE = wholemodule;
				SWIFT_OPTIMIZATION_LEVEL = "-O";
				VALIDATE_PRODUCT = YES;
			};
			name = Release;
		};
		94A5A518222DCDC70000821B /* Debug */ = {
			isa = XCBuildConfiguration;
			baseConfigurationReference = 7539FE54BCE40830082A329A /* Pods-Twideo.debug.xcconfig */;
			buildSettings = {
				ASSETCATALOG_COMPILER_APPICON_NAME = AppIcon;
				CODE_SIGN_STYLE = Automatic;
				DEVELOPMENT_TEAM = 6WA6Y7KBQJ;
				INFOPLIST_FILE = Twideo/Info.plist;
				LD_RUNPATH_SEARCH_PATHS = (
					"$(inherited)",
					"@executable_path/Frameworks",
				);
				PRODUCT_BUNDLE_IDENTIFIER = com.gideonubaldo.Twideo;
				PRODUCT_NAME = "$(TARGET_NAME)";
				SWIFT_VERSION = 4.2;
				TARGETED_DEVICE_FAMILY = "1,2";
			};
			name = Debug;
		};
		94A5A519222DCDC70000821B /* Release */ = {
			isa = XCBuildConfiguration;
			baseConfigurationReference = 310ABF84A48CC23C2E2BCE3F /* Pods-Twideo.release.xcconfig */;
			buildSettings = {
				ASSETCATALOG_COMPILER_APPICON_NAME = AppIcon;
				CODE_SIGN_STYLE = Automatic;
				DEVELOPMENT_TEAM = 6WA6Y7KBQJ;
				INFOPLIST_FILE = Twideo/Info.plist;
				LD_RUNPATH_SEARCH_PATHS = (
					"$(inherited)",
					"@executable_path/Frameworks",
				);
				PRODUCT_BUNDLE_IDENTIFIER = com.gideonubaldo.Twideo;
				PRODUCT_NAME = "$(TARGET_NAME)";
				SWIFT_VERSION = 4.2;
				TARGETED_DEVICE_FAMILY = "1,2";
			};
			name = Release;
		};
/* End XCBuildConfiguration section */

/* Begin XCConfigurationList section */
		94A5A500222DCDC50000821B /* Build configuration list for PBXProject "Twideo" */ = {
			isa = XCConfigurationList;
			buildConfigurations = (
				94A5A515222DCDC70000821B /* Debug */,
				94A5A516222DCDC70000821B /* Release */,
			);
			defaultConfigurationIsVisible = 0;
			defaultConfigurationName = Release;
		};
		94A5A517222DCDC70000821B /* Build configuration list for PBXNativeTarget "Twideo" */ = {
			isa = XCConfigurationList;
			buildConfigurations = (
				94A5A518222DCDC70000821B /* Debug */,
				94A5A519222DCDC70000821B /* Release */,
			);
			defaultConfigurationIsVisible = 0;
			defaultConfigurationName = Release;
		};
/* End XCConfigurationList section */
	};
	rootObject = 94A5A4FD222DCDC50000821B /* Project object */;
}
